<?xml version="1.0" encoding="UTF-8" standalone="yes" ?>
<CodeBlocks_project_file>
	<FileVersion major="1" minor="6" />
	<Project>
		<Option title="3X" />
		<Option pch_mode="2" />
		<Option compiler="gcc" />
		<Build>
			<Target title="Debug">
				<Option output="bin/Debug/3X" prefix_auto="1" extension_auto="1" />
				<Option object_output="obj/Debug/" />
				<Option type="1" />
				<Option compiler="gcc" />
				<Compiler>
					<Add option="-std=c++11" />
					<Add option="-g" />
					<Add option="-DGLEW_STATIC" />
				</Compiler>
			</Target>
			<Target title="Release">
				<Option output="bin/Release/3X" prefix_auto="1" extension_auto="1" />
				<Option object_output="obj/Release/" />
				<Option type="0" />
				<Option compiler="gcc" />
				<Compiler>
					<Add option="-O2" />
				</Compiler>
			</Target>
		</Build>
		<Compiler>
			<Add option="-std=c++11" />
			<Add option="-Wall" />
			<Add option="`sdl-config --cflags`" />
			<Add option="-DPROTOBUF_USE_DLLS" />
			<Add directory="vendor/tinyxml" />
			<Add directory="vendor/tmxparser/src" />
			<Add directory="cpDebugDraw" />
			<Add directory="../x1-deps/include" />
		</Compiler>
		<Linker>
			<Add option="-lmingw32 -lglew32s -lopengl32 -lSDL2main -lSDL2 -lSDL2_image -lSDL2_ttf -lSDL2_gfx" />
			<Add option="-lchipmunk -lSDLU -lenet -lprotobuf" />
			<Add directory="../x1-deps" />
		</Linker>
		<Unit filename="NovaSquare.ttf" />
		<Unit filename="aircraft.gif" />
		<Unit filename="aircraft.png" />
		<Unit filename="bullet.cpp" />
		<Unit filename="bullet.h" />
		<Unit filename="cb.bmp" />
		<Unit filename="client.cpp" />
		<Unit filename="client.h" />
		<Unit filename="cpDebugDraw/ChipmunkDebugDraw.cpp" />
		<Unit filename="cpDebugDraw/ChipmunkDebugDraw.h" />
		<Unit filename="cpDebugDraw/DebugDrawImpl.cpp" />
		<Unit filename="entity.cpp" />
		<Unit filename="entity.h" />
		<Unit filename="explosion.cpp" />
		<Unit filename="explosion.h" />
		<Unit filename="explosion.png" />
		<Unit filename="global.h" />
		<Unit filename="main.cpp">
			<Option weight="100" />
		</Unit>
		<Unit filename="map.tmx" />
		<Unit filename="ops.cpp" />
		<Unit filename="ops.h">
			<Option target="&lt;{~None~}&gt;" />
		</Unit>
		<Unit filename="physics.cpp" />
		<Unit filename="physics.h" />
		<Unit filename="player.cpp" />
		<Unit filename="player.h" />
		<Unit filename="proto/clientinfo.pb.cc" />
		<Unit filename="proto/clientinfo.pb.h" />
		<Unit filename="proto/player.pb.cc" />
		<Unit filename="proto/player.pb.h" />
		<Unit filename="syncer.cpp" />
		<Unit filename="syncer.h" />
		<Unit filename="text.cpp">
			<Option weight="74" />
		</Unit>
		<Unit filename="text.h" />
		<Unit filename="texture.cpp">
			<Option weight="59" />
		</Unit>
		<Unit filename="texture.h" />
		<Unit filename="utils.cpp" />
		<Unit filename="utils.h" />
		<Unit filename="vendor/tinyxml/tinyxml2.cpp">
			<Option weight="59" />
		</Unit>
		<Unit filename="vendor/tinyxml/tinyxml2.h" />
		<Unit filename="vendor/tmxparser/src/tmxparser.cpp" />
		<Unit filename="vendor/tmxparser/src/tmxparser.h" />
		<Extensions>
			<code_completion />
			<debugger />
			<envvars />
		</Extensions>
	</Project>
</CodeBlocks_project_file>
